PODS:
  - Alamofire (3.4.0)
  - Firebase (2.5.1)

DEPENDENCIES:
  - Alamofire
  - Firebase (>= 2.3.2)

SPEC CHECKSUMS:
  Alamofire: c19a627cefd6a95f840401c49ab1f124e07f54ee
  Firebase: 3565ea88b830f28f2c77ecc524622bc71a20d085

PODFILE CHECKSUM: 869b10e53166871dcae62bd56d4247932bb44078

COCOAPODS: 1.0.0
