// !$*UTF8*$!
{
	archiveVersion = 1;
	classes = {
	};
	objectVersion = 46;
	objects = {

/* Begin PBXBuildFile section */
		09D55A0C1CE7B81500EEE324 /* AppDelegate.swift in Sources */ = {isa = PBXBuildFile; fileRef = 09D55A0B1CE7B81500EEE324 /* AppDelegate.swift */; };
		09D55A0E1CE7B81500EEE324 /* HomeController.swift in Sources */ = {isa = PBXBuildFile; fileRef = 09D55A0D1CE7B81500EEE324 /* HomeController.swift */; };
		09D55A111CE7B81500EEE324 /* Main.storyboard in Resources */ = {isa = PBXBuildFile; fileRef = 09D55A0F1CE7B81500EEE324 /* Main.storyboard */; };
		09D55A131CE7B81500EEE324 /* Assets.xcassets in Resources */ = {isa = PBXBuildFile; fileRef = 09D55A121CE7B81500EEE324 /* Assets.xcassets */; };
		09D55A161CE7B81500EEE324 /* LaunchScreen.storyboard in Resources */ = {isa = PBXBuildFile; fileRef = 09D55A141CE7B81500EEE324 /* LaunchScreen.storyboard */; };
		09D55A211CE7B81500EEE324 /* ToolBeltTests.swift in Sources */ = {isa = PBXBuildFile; fileRef = 09D55A201CE7B81500EEE324 /* ToolBeltTests.swift */; };
		09D55A2C1CE7B81500EEE324 /* ToolBeltUITests.swift in Sources */ = {isa = PBXBuildFile; fileRef = 09D55A2B1CE7B81500EEE324 /* ToolBeltUITests.swift */; };
		09D55A3A1CE7BC7400EEE324 /* UserProfileController.swift in Sources */ = {isa = PBXBuildFile; fileRef = 09D55A391CE7BC7400EEE324 /* UserProfileController.swift */; };
		09D55A3C1CE7C51300EEE324 /* AddEditAddressController.swift in Sources */ = {isa = PBXBuildFile; fileRef = 09D55A3B1CE7C51300EEE324 /* AddEditAddressController.swift */; };
		93AA4EF3B8F713E29701D0EF /* Pods_ToolBelt.framework in Frameworks */ = {isa = PBXBuildFile; fileRef = 4AA5D0DF93C9DA748A5733DF /* Pods_ToolBelt.framework */; };
		BD7186801CE7F7B4003FEE74 /* Map.swift in Sources */ = {isa = PBXBuildFile; fileRef = BD71867F1CE7F7B4003FEE74 /* Map.swift */; };
		BD9105DE1CE7D24B0058165D /* FBSDKCoreKit.framework in Frameworks */ = {isa = PBXBuildFile; fileRef = BD9105DC1CE7D24B0058165D /* FBSDKCoreKit.framework */; };
		BD9105DF1CE7D24B0058165D /* FBSDKLoginKit.framework in Frameworks */ = {isa = PBXBuildFile; fileRef = BD9105DD1CE7D24B0058165D /* FBSDKLoginKit.framework */; };
		BD9105E51CE7D47B0058165D /* ViewController.swift in Sources */ = {isa = PBXBuildFile; fileRef = BD9105E41CE7D47B0058165D /* ViewController.swift */; };
/* End PBXBuildFile section */

/* Begin PBXContainerItemProxy section */
		09D55A1D1CE7B81500EEE324 /* PBXContainerItemProxy */ = {
			isa = PBXContainerItemProxy;
			containerPortal = 09D55A001CE7B81500EEE324 /* Project object */;
			proxyType = 1;
			remoteGlobalIDString = 09D55A071CE7B81500EEE324;
			remoteInfo = ToolBelt;
		};
		09D55A281CE7B81500EEE324 /* PBXContainerItemProxy */ = {
			isa = PBXContainerItemProxy;
			containerPortal = 09D55A001CE7B81500EEE324 /* Project object */;
			proxyType = 1;
			remoteGlobalIDString = 09D55A071CE7B81500EEE324;
			remoteInfo = ToolBelt;
		};
/* End PBXContainerItemProxy section */

/* Begin PBXFileReference section */
		09D55A081CE7B81500EEE324 /* ToolBelt.app */ = {isa = PBXFileReference; explicitFileType = wrapper.application; includeInIndex = 0; path = ToolBelt.app; sourceTree = BUILT_PRODUCTS_DIR; };
		09D55A0B1CE7B81500EEE324 /* AppDelegate.swift */ = {isa = PBXFileReference; lastKnownFileType = sourcecode.swift; path = AppDelegate.swift; sourceTree = "<group>"; };
		09D55A0D1CE7B81500EEE324 /* HomeController.swift */ = {isa = PBXFileReference; lastKnownFileType = sourcecode.swift; path = HomeController.swift; sourceTree = "<group>"; };
		09D55A101CE7B81500EEE324 /* Base */ = {isa = PBXFileReference; lastKnownFileType = file.storyboard; name = Base; path = Base.lproj/Main.storyboard; sourceTree = "<group>"; };
		09D55A121CE7B81500EEE324 /* Assets.xcassets */ = {isa = PBXFileReference; lastKnownFileType = folder.assetcatalog; path = Assets.xcassets; sourceTree = "<group>"; };
		09D55A151CE7B81500EEE324 /* Base */ = {isa = PBXFileReference; lastKnownFileType = file.storyboard; name = Base; path = Base.lproj/LaunchScreen.storyboard; sourceTree = "<group>"; };
		09D55A171CE7B81500EEE324 /* Info.plist */ = {isa = PBXFileReference; lastKnownFileType = text.plist.xml; path = Info.plist; sourceTree = "<group>"; };
		09D55A1C1CE7B81500EEE324 /* ToolBeltTests.xctest */ = {isa = PBXFileReference; explicitFileType = wrapper.cfbundle; includeInIndex = 0; path = ToolBeltTests.xctest; sourceTree = BUILT_PRODUCTS_DIR; };
		09D55A201CE7B81500EEE324 /* ToolBeltTests.swift */ = {isa = PBXFileReference; lastKnownFileType = sourcecode.swift; path = ToolBeltTests.swift; sourceTree = "<group>"; };
		09D55A221CE7B81500EEE324 /* Info.plist */ = {isa = PBXFileReference; lastKnownFileType = text.plist.xml; path = Info.plist; sourceTree = "<group>"; };
		09D55A271CE7B81500EEE324 /* ToolBeltUITests.xctest */ = {isa = PBXFileReference; explicitFileType = wrapper.cfbundle; includeInIndex = 0; path = ToolBeltUITests.xctest; sourceTree = BUILT_PRODUCTS_DIR; };
		09D55A2B1CE7B81500EEE324 /* ToolBeltUITests.swift */ = {isa = PBXFileReference; lastKnownFileType = sourcecode.swift; path = ToolBeltUITests.swift; sourceTree = "<group>"; };
		09D55A2D1CE7B81500EEE324 /* Info.plist */ = {isa = PBXFileReference; lastKnownFileType = text.plist.xml; path = Info.plist; sourceTree = "<group>"; };
		09D55A391CE7BC7400EEE324 /* UserProfileController.swift */ = {isa = PBXFileReference; fileEncoding = 4; lastKnownFileType = sourcecode.swift; path = UserProfileController.swift; sourceTree = "<group>"; };
		09D55A3B1CE7C51300EEE324 /* AddEditAddressController.swift */ = {isa = PBXFileReference; fileEncoding = 4; lastKnownFileType = sourcecode.swift; path = AddEditAddressController.swift; sourceTree = "<group>"; };
		3B08A1B1182E8A686452710B /* Pods-ToolBelt.release.xcconfig */ = {isa = PBXFileReference; includeInIndex = 1; lastKnownFileType = text.xcconfig; name = "Pods-ToolBelt.release.xcconfig"; path = "Pods/Target Support Files/Pods-ToolBelt/Pods-ToolBelt.release.xcconfig"; sourceTree = "<group>"; };
		4AA5D0DF93C9DA748A5733DF /* Pods_ToolBelt.framework */ = {isa = PBXFileReference; explicitFileType = wrapper.framework; includeInIndex = 0; path = Pods_ToolBelt.framework; sourceTree = BUILT_PRODUCTS_DIR; };
		659C04E7478677E786AF5BF4 /* Pods-ToolBelt.debug.xcconfig */ = {isa = PBXFileReference; includeInIndex = 1; lastKnownFileType = text.xcconfig; name = "Pods-ToolBelt.debug.xcconfig"; path = "Pods/Target Support Files/Pods-ToolBelt/Pods-ToolBelt.debug.xcconfig"; sourceTree = "<group>"; };
		BD71867F1CE7F7B4003FEE74 /* Map.swift */ = {isa = PBXFileReference; fileEncoding = 4; lastKnownFileType = sourcecode.swift; name = Map.swift; path = ../Map.swift; sourceTree = "<group>"; };
		BD9105DC1CE7D24B0058165D /* FBSDKCoreKit.framework */ = {isa = PBXFileReference; lastKnownFileType = wrapper.framework; path = FBSDKCoreKit.framework; sourceTree = "<group>"; };
		BD9105DD1CE7D24B0058165D /* FBSDKLoginKit.framework */ = {isa = PBXFileReference; lastKnownFileType = wrapper.framework; path = FBSDKLoginKit.framework; sourceTree = "<group>"; };
		BD9105E01CE7D29A0058165D /* ToolBelt-Bridging-Header.h */ = {isa = PBXFileReference; lastKnownFileType = sourcecode.c.h; path = "ToolBelt-Bridging-Header.h"; sourceTree = "<group>"; };
		BD9105E41CE7D47B0058165D /* ViewController.swift */ = {isa = PBXFileReference; fileEncoding = 4; lastKnownFileType = sourcecode.swift; path = ViewController.swift; sourceTree = "<group>"; };
/* End PBXFileReference section */

/* Begin PBXFrameworksBuildPhase section */
		09D55A051CE7B81500EEE324 /* Frameworks */ = {
			isa = PBXFrameworksBuildPhase;
			buildActionMask = 2147483647;
			files = (
				BD9105DF1CE7D24B0058165D /* FBSDKLoginKit.framework in Frameworks */,
				BD9105DE1CE7D24B0058165D /* FBSDKCoreKit.framework in Frameworks */,
				93AA4EF3B8F713E29701D0EF /* Pods_ToolBelt.framework in Frameworks */,
			);
			runOnlyForDeploymentPostprocessing = 0;
		};
		09D55A191CE7B81500EEE324 /* Frameworks */ = {
			isa = PBXFrameworksBuildPhase;
			buildActionMask = 2147483647;
			files = (
			);
			runOnlyForDeploymentPostprocessing = 0;
		};
		09D55A241CE7B81500EEE324 /* Frameworks */ = {
			isa = PBXFrameworksBuildPhase;
			buildActionMask = 2147483647;
			files = (
			);
			runOnlyForDeploymentPostprocessing = 0;
		};
/* End PBXFrameworksBuildPhase section */

/* Begin PBXGroup section */
		09D559FF1CE7B81500EEE324 = {
			isa = PBXGroup;
			children = (
				09D55A0A1CE7B81500EEE324 /* ToolBelt */,
				09D55A1F1CE7B81500EEE324 /* ToolBeltTests */,
				09D55A2A1CE7B81500EEE324 /* ToolBeltUITests */,
				09D55A091CE7B81500EEE324 /* Products */,
				1765432D56E27B2331A55FAD /* Pods */,
				B4E469C4993640B104C46837 /* Frameworks */,
			);
			sourceTree = "<group>";
		};
		09D55A091CE7B81500EEE324 /* Products */ = {
			isa = PBXGroup;
			children = (
				09D55A081CE7B81500EEE324 /* ToolBelt.app */,
				09D55A1C1CE7B81500EEE324 /* ToolBeltTests.xctest */,
				09D55A271CE7B81500EEE324 /* ToolBeltUITests.xctest */,
			);
			name = Products;
			sourceTree = "<group>";
		};
		09D55A0A1CE7B81500EEE324 /* ToolBelt */ = {
			isa = PBXGroup;
			children = (
				BD9105DC1CE7D24B0058165D /* FBSDKCoreKit.framework */,
				BD9105DD1CE7D24B0058165D /* FBSDKLoginKit.framework */,
				09D55A0B1CE7B81500EEE324 /* AppDelegate.swift */,
				BD71867F1CE7F7B4003FEE74 /* Map.swift */,
				BD9105E41CE7D47B0058165D /* ViewController.swift */,
				09D55A0D1CE7B81500EEE324 /* HomeController.swift */,
				09D55A391CE7BC7400EEE324 /* UserProfileController.swift */,
				09D55A3B1CE7C51300EEE324 /* AddEditAddressController.swift */,
				09D55A0F1CE7B81500EEE324 /* Main.storyboard */,
				09D55A121CE7B81500EEE324 /* Assets.xcassets */,
				09D55A141CE7B81500EEE324 /* LaunchScreen.storyboard */,
				09D55A171CE7B81500EEE324 /* Info.plist */,
				BD9105E01CE7D29A0058165D /* ToolBelt-Bridging-Header.h */,
			);
			path = ToolBelt;
			sourceTree = "<group>";
		};
		09D55A1F1CE7B81500EEE324 /* ToolBeltTests */ = {
			isa = PBXGroup;
			children = (
				09D55A201CE7B81500EEE324 /* ToolBeltTests.swift */,
				09D55A221CE7B81500EEE324 /* Info.plist */,
			);
			path = ToolBeltTests;
			sourceTree = "<group>";
		};
		09D55A2A1CE7B81500EEE324 /* ToolBeltUITests */ = {
			isa = PBXGroup;
			children = (
				09D55A2B1CE7B81500EEE324 /* ToolBeltUITests.swift */,
				09D55A2D1CE7B81500EEE324 /* Info.plist */,
			);
			path = ToolBeltUITests;
			sourceTree = "<group>";
		};
		1765432D56E27B2331A55FAD /* Pods */ = {
			isa = PBXGroup;
			children = (
				659C04E7478677E786AF5BF4 /* Pods-ToolBelt.debug.xcconfig */,
				3B08A1B1182E8A686452710B /* Pods-ToolBelt.release.xcconfig */,
			);
			name = Pods;
			sourceTree = "<group>";
		};
		B4E469C4993640B104C46837 /* Frameworks */ = {
			isa = PBXGroup;
			children = (
				4AA5D0DF93C9DA748A5733DF /* Pods_ToolBelt.framework */,
			);
			name = Frameworks;
			sourceTree = "<group>";
		};
/* End PBXGroup section */

/* Begin PBXNativeTarget section */
		09D55A071CE7B81500EEE324 /* ToolBelt */ = {
			isa = PBXNativeTarget;
			buildConfigurationList = 09D55A301CE7B81500EEE324 /* Build configuration list for PBXNativeTarget "ToolBelt" */;
			buildPhases = (
				272595A430CB1A6D58C6F4FC /* 📦 Check Pods Manifest.lock */,
				09D55A041CE7B81500EEE324 /* Sources */,
				09D55A051CE7B81500EEE324 /* Frameworks */,
				09D55A061CE7B81500EEE324 /* Resources */,
				47A36C32E6FF75DFA85F845D /* 📦 Embed Pods Frameworks */,
				CBF35F40C4EC752ECAE62B4A /* 📦 Copy Pods Resources */,
			);
			buildRules = (
			);
			dependencies = (
			);
			name = ToolBelt;
			productName = ToolBelt;
			productReference = 09D55A081CE7B81500EEE324 /* ToolBelt.app */;
			productType = "com.apple.product-type.application";
		};
		09D55A1B1CE7B81500EEE324 /* ToolBeltTests */ = {
			isa = PBXNativeTarget;
			buildConfigurationList = 09D55A331CE7B81500EEE324 /* Build configuration list for PBXNativeTarget "ToolBeltTests" */;
			buildPhases = (
				09D55A181CE7B81500EEE324 /* Sources */,
				09D55A191CE7B81500EEE324 /* Frameworks */,
				09D55A1A1CE7B81500EEE324 /* Resources */,
			);
			buildRules = (
			);
			dependencies = (
				09D55A1E1CE7B81500EEE324 /* PBXTargetDependency */,
			);
			name = ToolBeltTests;
			productName = ToolBeltTests;
			productReference = 09D55A1C1CE7B81500EEE324 /* ToolBeltTests.xctest */;
			productType = "com.apple.product-type.bundle.unit-test";
		};
		09D55A261CE7B81500EEE324 /* ToolBeltUITests */ = {
			isa = PBXNativeTarget;
			buildConfigurationList = 09D55A361CE7B81500EEE324 /* Build configuration list for PBXNativeTarget "ToolBeltUITests" */;
			buildPhases = (
				09D55A231CE7B81500EEE324 /* Sources */,
				09D55A241CE7B81500EEE324 /* Frameworks */,
				09D55A251CE7B81500EEE324 /* Resources */,
			);
			buildRules = (
			);
			dependencies = (
				09D55A291CE7B81500EEE324 /* PBXTargetDependency */,
			);
			name = ToolBeltUITests;
			productName = ToolBeltUITests;
			productReference = 09D55A271CE7B81500EEE324 /* ToolBeltUITests.xctest */;
			productType = "com.apple.product-type.bundle.ui-testing";
		};
/* End PBXNativeTarget section */

/* Begin PBXProject section */
		09D55A001CE7B81500EEE324 /* Project object */ = {
			isa = PBXProject;
			attributes = {
				LastSwiftUpdateCheck = 0730;
				LastUpgradeCheck = 0730;
				ORGANIZATIONNAME = teamToolBelt;
				TargetAttributes = {
					09D55A071CE7B81500EEE324 = {
						CreatedOnToolsVersion = 7.3.1;
					};
					09D55A1B1CE7B81500EEE324 = {
						CreatedOnToolsVersion = 7.3.1;
						TestTargetID = 09D55A071CE7B81500EEE324;
					};
					09D55A261CE7B81500EEE324 = {
						CreatedOnToolsVersion = 7.3.1;
						TestTargetID = 09D55A071CE7B81500EEE324;
					};
				};
			};
			buildConfigurationList = 09D55A031CE7B81500EEE324 /* Build configuration list for PBXProject "ToolBelt" */;
			compatibilityVersion = "Xcode 3.2";
			developmentRegion = English;
			hasScannedForEncodings = 0;
			knownRegions = (
				en,
				Base,
			);
			mainGroup = 09D559FF1CE7B81500EEE324;
			productRefGroup = 09D55A091CE7B81500EEE324 /* Products */;
			projectDirPath = "";
			projectRoot = "";
			targets = (
				09D55A071CE7B81500EEE324 /* ToolBelt */,
				09D55A1B1CE7B81500EEE324 /* ToolBeltTests */,
				09D55A261CE7B81500EEE324 /* ToolBeltUITests */,
			);
		};
/* End PBXProject section */

/* Begin PBXResourcesBuildPhase section */
		09D55A061CE7B81500EEE324 /* Resources */ = {
			isa = PBXResourcesBuildPhase;
			buildActionMask = 2147483647;
			files = (
				09D55A161CE7B81500EEE324 /* LaunchScreen.storyboard in Resources */,
				09D55A131CE7B81500EEE324 /* Assets.xcassets in Resources */,
				09D55A111CE7B81500EEE324 /* Main.storyboard in Resources */,
			);
			runOnlyForDeploymentPostprocessing = 0;
		};
		09D55A1A1CE7B81500EEE324 /* Resources */ = {
			isa = PBXResourcesBuildPhase;
			buildActionMask = 2147483647;
			files = (
			);
			runOnlyForDeploymentPostprocessing = 0;
		};
		09D55A251CE7B81500EEE324 /* Resources */ = {
			isa = PBXResourcesBuildPhase;
			buildActionMask = 2147483647;
			files = (
			);
			runOnlyForDeploymentPostprocessing = 0;
		};
/* End PBXResourcesBuildPhase section */

/* Begin PBXShellScriptBuildPhase section */
		272595A430CB1A6D58C6F4FC /* 📦 Check Pods Manifest.lock */ = {
			isa = PBXShellScriptBuildPhase;
			buildActionMask = 2147483647;
			files = (
			);
			inputPaths = (
			);
			name = "📦 Check Pods Manifest.lock";
			outputPaths = (
			);
			runOnlyForDeploymentPostprocessing = 0;
			shellPath = /bin/sh;
			shellScript = "diff \"${PODS_ROOT}/../Podfile.lock\" \"${PODS_ROOT}/Manifest.lock\" > /dev/null\nif [[ $? != 0 ]] ; then\n    cat << EOM\nerror: The sandbox is not in sync with the Podfile.lock. Run 'pod install' or update your CocoaPods installation.\nEOM\n    exit 1\nfi\n";
			showEnvVarsInLog = 0;
		};
		47A36C32E6FF75DFA85F845D /* 📦 Embed Pods Frameworks */ = {
			isa = PBXShellScriptBuildPhase;
			buildActionMask = 2147483647;
			files = (
			);
			inputPaths = (
			);
			name = "📦 Embed Pods Frameworks";
			outputPaths = (
			);
			runOnlyForDeploymentPostprocessing = 0;
			shellPath = /bin/sh;
			shellScript = "\"${SRCROOT}/Pods/Target Support Files/Pods-ToolBelt/Pods-ToolBelt-frameworks.sh\"\n";
			showEnvVarsInLog = 0;
		};
		CBF35F40C4EC752ECAE62B4A /* 📦 Copy Pods Resources */ = {
			isa = PBXShellScriptBuildPhase;
			buildActionMask = 2147483647;
			files = (
			);
			inputPaths = (
			);
			name = "📦 Copy Pods Resources";
			outputPaths = (
			);
			runOnlyForDeploymentPostprocessing = 0;
			shellPath = /bin/sh;
			shellScript = "\"${SRCROOT}/Pods/Target Support Files/Pods-ToolBelt/Pods-ToolBelt-resources.sh\"\n";
			showEnvVarsInLog = 0;
		};
/* End PBXShellScriptBuildPhase section */

/* Begin PBXSourcesBuildPhase section */
		09D55A041CE7B81500EEE324 /* Sources */ = {
			isa = PBXSourcesBuildPhase;
			buildActionMask = 2147483647;
			files = (
				BD9105E51CE7D47B0058165D /* ViewController.swift in Sources */,
				09D55A0E1CE7B81500EEE324 /* HomeController.swift in Sources */,
				09D55A0C1CE7B81500EEE324 /* AppDelegate.swift in Sources */,
				09D55A3C1CE7C51300EEE324 /* AddEditAddressController.swift in Sources */,
				BD7186801CE7F7B4003FEE74 /* Map.swift in Sources */,
				09D55A3A1CE7BC7400EEE324 /* UserProfileController.swift in Sources */,
			);
			runOnlyForDeploymentPostprocessing = 0;
		};
		09D55A181CE7B81500EEE324 /* Sources */ = {
			isa = PBXSourcesBuildPhase;
			buildActionMask = 2147483647;
			files = (
				09D55A211CE7B81500EEE324 /* ToolBeltTests.swift in Sources */,
			);
			runOnlyForDeploymentPostprocessing = 0;
		};
		09D55A231CE7B81500EEE324 /* Sources */ = {
			isa = PBXSourcesBuildPhase;
			buildActionMask = 2147483647;
			files = (
				09D55A2C1CE7B81500EEE324 /* ToolBeltUITests.swift in Sources */,
			);
			runOnlyForDeploymentPostprocessing = 0;
		};
/* End PBXSourcesBuildPhase section */

/* Begin PBXTargetDependency section */
		09D55A1E1CE7B81500EEE324 /* PBXTargetDependency */ = {
			isa = PBXTargetDependency;
			target = 09D55A071CE7B81500EEE324 /* ToolBelt */;
			targetProxy = 09D55A1D1CE7B81500EEE324 /* PBXContainerItemProxy */;
		};
		09D55A291CE7B81500EEE324 /* PBXTargetDependency */ = {
			isa = PBXTargetDependency;
			target = 09D55A071CE7B81500EEE324 /* ToolBelt */;
			targetProxy = 09D55A281CE7B81500EEE324 /* PBXContainerItemProxy */;
		};
/* End PBXTargetDependency section */

/* Begin PBXVariantGroup section */
		09D55A0F1CE7B81500EEE324 /* Main.storyboard */ = {
			isa = PBXVariantGroup;
			children = (
				09D55A101CE7B81500EEE324 /* Base */,
			);
			name = Main.storyboard;
			sourceTree = "<group>";
		};
		09D55A141CE7B81500EEE324 /* LaunchScreen.storyboard */ = {
			isa = PBXVariantGroup;
			children = (
				09D55A151CE7B81500EEE324 /* Base */,
			);
			name = LaunchScreen.storyboard;
			sourceTree = "<group>";
		};
/* End PBXVariantGroup section */

/* Begin XCBuildConfiguration section */
		09D55A2E1CE7B81500EEE324 /* Debug */ = {
			isa = XCBuildConfiguration;
			buildSettings = {
				ALWAYS_SEARCH_USER_PATHS = NO;
				CLANG_ANALYZER_NONNULL = YES;
				CLANG_CXX_LANGUAGE_STANDARD = "gnu++0x";
				CLANG_CXX_LIBRARY = "libc++";
				CLANG_ENABLE_MODULES = YES;
				CLANG_ENABLE_OBJC_ARC = YES;
				CLANG_WARN_BOOL_CONVERSION = YES;
				CLANG_WARN_CONSTANT_CONVERSION = YES;
				CLANG_WARN_DIRECT_OBJC_ISA_USAGE = YES_ERROR;
				CLANG_WARN_EMPTY_BODY = YES;
				CLANG_WARN_ENUM_CONVERSION = YES;
				CLANG_WARN_INT_CONVERSION = YES;
				CLANG_WARN_OBJC_ROOT_CLASS = YES_ERROR;
				CLANG_WARN_UNREACHABLE_CODE = YES;
				CLANG_WARN__DUPLICATE_METHOD_MATCH = YES;
				"CODE_SIGN_IDENTITY[sdk=iphoneos*]" = "iPhone Developer";
				COPY_PHASE_STRIP = NO;
				DEBUG_INFORMATION_FORMAT = dwarf;
				ENABLE_STRICT_OBJC_MSGSEND = YES;
				ENABLE_TESTABILITY = YES;
				GCC_C_LANGUAGE_STANDARD = gnu99;
				GCC_DYNAMIC_NO_PIC = NO;
				GCC_NO_COMMON_BLOCKS = YES;
				GCC_OPTIMIZATION_LEVEL = 0;
				GCC_PREPROCESSOR_DEFINITIONS = (
					"DEBUG=1",
					"$(inherited)",
				);
				GCC_WARN_64_TO_32_BIT_CONVERSION = YES;
				GCC_WARN_ABOUT_RETURN_TYPE = YES_ERROR;
				GCC_WARN_UNDECLARED_SELECTOR = YES;
				GCC_WARN_UNINITIALIZED_AUTOS = YES_AGGRESSIVE;
				GCC_WARN_UNUSED_FUNCTION = YES;
				GCC_WARN_UNUSED_VARIABLE = YES;
				IPHONEOS_DEPLOYMENT_TARGET = 9.3;
				MTL_ENABLE_DEBUG_INFO = YES;
				ONLY_ACTIVE_ARCH = YES;
				SDKROOT = iphoneos;
				SWIFT_OPTIMIZATION_LEVEL = "-Onone";
				TARGETED_DEVICE_FAMILY = "1,2";
			};
			name = Debug;
		};
		09D55A2F1CE7B81500EEE324 /* Release */ = {
			isa = XCBuildConfiguration;
			buildSettings = {
				ALWAYS_SEARCH_USER_PATHS = NO;
				CLANG_ANALYZER_NONNULL = YES;
				CLANG_CXX_LANGUAGE_STANDARD = "gnu++0x";
				CLANG_CXX_LIBRARY = "libc++";
				CLANG_ENABLE_MODULES = YES;
				CLANG_ENABLE_OBJC_ARC = YES;
				CLANG_WARN_BOOL_CONVERSION = YES;
				CLANG_WARN_CONSTANT_CONVERSION = YES;
				CLANG_WARN_DIRECT_OBJC_ISA_USAGE = YES_ERROR;
				CLANG_WARN_EMPTY_BODY = YES;
				CLANG_WARN_ENUM_CONVERSION = YES;
				CLANG_WARN_INT_CONVERSION = YES;
				CLANG_WARN_OBJC_ROOT_CLASS = YES_ERROR;
				CLANG_WARN_UNREACHABLE_CODE = YES;
				CLANG_WARN__DUPLICATE_METHOD_MATCH = YES;
				"CODE_SIGN_IDENTITY[sdk=iphoneos*]" = "iPhone Developer";
				COPY_PHASE_STRIP = NO;
				DEBUG_INFORMATION_FORMAT = "dwarf-with-dsym";
				ENABLE_NS_ASSERTIONS = NO;
				ENABLE_STRICT_OBJC_MSGSEND = YES;
				GCC_C_LANGUAGE_STANDARD = gnu99;
				GCC_NO_COMMON_BLOCKS = YES;
				GCC_WARN_64_TO_32_BIT_CONVERSION = YES;
				GCC_WARN_ABOUT_RETURN_TYPE = YES_ERROR;
				GCC_WARN_UNDECLARED_SELECTOR = YES;
				GCC_WARN_UNINITIALIZED_AUTOS = YES_AGGRESSIVE;
				GCC_WARN_UNUSED_FUNCTION = YES;
				GCC_WARN_UNUSED_VARIABLE = YES;
				IPHONEOS_DEPLOYMENT_TARGET = 9.3;
				MTL_ENABLE_DEBUG_INFO = NO;
				SDKROOT = iphoneos;
				TARGETED_DEVICE_FAMILY = "1,2";
				VALIDATE_PRODUCT = YES;
			};
			name = Release;
		};
		09D55A311CE7B81500EEE324 /* Debug */ = {
			isa = XCBuildConfiguration;
			baseConfigurationReference = 659C04E7478677E786AF5BF4 /* Pods-ToolBelt.debug.xcconfig */;
			buildSettings = {
				ASSETCATALOG_COMPILER_APPICON_NAME = AppIcon;
				CLANG_ENABLE_MODULES = YES;
				FRAMEWORK_SEARCH_PATHS = (
					"$(inherited)",
					"$(PROJECT_DIR)/ToolBelt",
				);
				INFOPLIST_FILE = ToolBelt/Info.plist;
				LD_RUNPATH_SEARCH_PATHS = "$(inherited) @executable_path/Frameworks";
				PRODUCT_BUNDLE_IDENTIFIER = dbc.ToolBelt;
				PRODUCT_NAME = "$(TARGET_NAME)";
				SWIFT_OBJC_BRIDGING_HEADER = "ToolBelt/ToolBelt-Bridging-Header.h";
				SWIFT_OPTIMIZATION_LEVEL = "-Onone";
			};
			name = Debug;
		};
		09D55A321CE7B81500EEE324 /* Release */ = {
			isa = XCBuildConfiguration;
			baseConfigurationReference = 3B08A1B1182E8A686452710B /* Pods-ToolBelt.release.xcconfig */;
			buildSettings = {
				ASSETCATALOG_COMPILER_APPICON_NAME = AppIcon;
				CLANG_ENABLE_MODULES = YES;
				FRAMEWORK_SEARCH_PATHS = (
					"$(inherited)",
					"$(PROJECT_DIR)/ToolBelt",
				);
				INFOPLIST_FILE = ToolBelt/Info.plist;
				LD_RUNPATH_SEARCH_PATHS = "$(inherited) @executable_path/Frameworks";
				PRODUCT_BUNDLE_IDENTIFIER = dbc.ToolBelt;
				PRODUCT_NAME = "$(TARGET_NAME)";
				SWIFT_OBJC_BRIDGING_HEADER = "ToolBelt/ToolBelt-Bridging-Header.h";
			};
			name = Release;
		};
		09D55A341CE7B81500EEE324 /* Debug */ = {
			isa = XCBuildConfiguration;
			buildSettings = {
				BUNDLE_LOADER = "$(TEST_HOST)";
				INFOPLIST_FILE = ToolBeltTests/Info.plist;
				LD_RUNPATH_SEARCH_PATHS = "$(inherited) @executable_path/Frameworks @loader_path/Frameworks";
				PRODUCT_BUNDLE_IDENTIFIER = dbc.ToolBeltTests;
				PRODUCT_NAME = "$(TARGET_NAME)";
				TEST_HOST = "$(BUILT_PRODUCTS_DIR)/ToolBelt.app/ToolBelt";
			};
			name = Debug;
		};
		09D55A351CE7B81500EEE324 /* Release */ = {
			isa = XCBuildConfiguration;
			buildSettings = {
				BUNDLE_LOADER = "$(TEST_HOST)";
				INFOPLIST_FILE = ToolBeltTests/Info.plist;
				LD_RUNPATH_SEARCH_PATHS = "$(inherited) @executable_path/Frameworks @loader_path/Frameworks";
				PRODUCT_BUNDLE_IDENTIFIER = dbc.ToolBeltTests;
				PRODUCT_NAME = "$(TARGET_NAME)";
				TEST_HOST = "$(BUILT_PRODUCTS_DIR)/ToolBelt.app/ToolBelt";
			};
			name = Release;
		};
		09D55A371CE7B81500EEE324 /* Debug */ = {
			isa = XCBuildConfiguration;
			buildSettings = {
				INFOPLIST_FILE = ToolBeltUITests/Info.plist;
				LD_RUNPATH_SEARCH_PATHS = "$(inherited) @executable_path/Frameworks @loader_path/Frameworks";
				PRODUCT_BUNDLE_IDENTIFIER = dbc.ToolBeltUITests;
				PRODUCT_NAME = "$(TARGET_NAME)";
				TEST_TARGET_NAME = ToolBelt;
			};
			name = Debug;
		};
		09D55A381CE7B81500EEE324 /* Release */ = {
			isa = XCBuildConfiguration;
			buildSettings = {
				INFOPLIST_FILE = ToolBeltUITests/Info.plist;
				LD_RUNPATH_SEARCH_PATHS = "$(inherited) @executable_path/Frameworks @loader_path/Frameworks";
				PRODUCT_BUNDLE_IDENTIFIER = dbc.ToolBeltUITests;
				PRODUCT_NAME = "$(TARGET_NAME)";
				TEST_TARGET_NAME = ToolBelt;
			};
			name = Release;
		};
/* End XCBuildConfiguration section */

/* Begin XCConfigurationList section */
		09D55A031CE7B81500EEE324 /* Build configuration list for PBXProject "ToolBelt" */ = {
			isa = XCConfigurationList;
			buildConfigurations = (
				09D55A2E1CE7B81500EEE324 /* Debug */,
				09D55A2F1CE7B81500EEE324 /* Release */,
			);
			defaultConfigurationIsVisible = 0;
			defaultConfigurationName = Release;
		};
		09D55A301CE7B81500EEE324 /* Build configuration list for PBXNativeTarget "ToolBelt" */ = {
			isa = XCConfigurationList;
			buildConfigurations = (
				09D55A311CE7B81500EEE324 /* Debug */,
				09D55A321CE7B81500EEE324 /* Release */,
			);
			defaultConfigurationIsVisible = 0;
			defaultConfigurationName = Release;
		};
		09D55A331CE7B81500EEE324 /* Build configuration list for PBXNativeTarget "ToolBeltTests" */ = {
			isa = XCConfigurationList;
			buildConfigurations = (
				09D55A341CE7B81500EEE324 /* Debug */,
				09D55A351CE7B81500EEE324 /* Release */,
			);
			defaultConfigurationIsVisible = 0;
			defaultConfigurationName = Release;
		};
		09D55A361CE7B81500EEE324 /* Build configuration list for PBXNativeTarget "ToolBeltUITests" */ = {
			isa = XCConfigurationList;
			buildConfigurations = (
				09D55A371CE7B81500EEE324 /* Debug */,
				09D55A381CE7B81500EEE324 /* Release */,
			);
			defaultConfigurationIsVisible = 0;
			defaultConfigurationName = Release;
		};
/* End XCConfigurationList section */
	};
	rootObject = 09D55A001CE7B81500EEE324 /* Project object */;
}
